
Microsoft Visual Studio Solution File, Format Version 12.00
# Visual Studio Version 16
VisualStudioVersion = 16.0.31624.102
MinimumVisualStudioVersion = 10.0.40219.1
Project("{FAE04EC0-301F-11D3-BF4B-00C04F79EFBC}") = "83RemoveDuplSortedList", "83RemoveDuplSortedList\83RemoveDuplSortedList.csproj", "{2DBB84FF-572F-4AC3-B6EB-57E1655DE3F4}"
EndProject
Global
	GlobalSection(SolutionConfigurationPlatforms) = preSolution
		Debug|Any CPU = Debug|Any CPU
		Release|Any CPU = Release|Any CPU
	EndGlobalSection
	GlobalSection(ProjectConfigurationPlatforms) = postSolution
		{2DBB84FF-572F-4AC3-B6EB-57E1655DE3F4}.Debug|Any CPU.ActiveCfg = Debug|Any CPU
		{2DBB84FF-572F-4AC3-B6EB-57E1655DE3F4}.Debug|Any CPU.Build.0 = Debug|Any CPU
		{2DBB84FF-572F-4AC3-B6EB-57E1655DE3F4}.Release|Any CPU.ActiveCfg = Release|Any CPU
		{2DBB84FF-572F-4AC3-B6EB-57E1655DE3F4}.Release|Any CPU.Build.0 = Release|Any CPU
	EndGlobalSection
	GlobalSection(SolutionProperties) = preSolution
		HideSolutionNode = FALSE
	EndGlobalSection
	GlobalSection(ExtensibilityGlobals) = postSolution
		SolutionGuid = {62F38AD3-A853-4F62-B1DC-1E67FD354C7D}
	EndGlobalSection
EndGlobal
