
Microsoft Visual Studio Solution File, Format Version 12.00
# Visual Studio Version 16
VisualStudioVersion = 16.0.31624.102
MinimumVisualStudioVersion = 10.0.40219.1
Project("{FAE04EC0-301F-11D3-BF4B-00C04F79EFBC}") = "RemoveOperationSLList", "RemoveOperationSLList\RemoveOperationSLList.csproj", "{C2B47BF0-851E-4858-AB18-EA98FBDB8746}"
EndProject
Global
	GlobalSection(SolutionConfigurationPlatforms) = preSolution
		Debug|Any CPU = Debug|Any CPU
		Release|Any CPU = Release|Any CPU
	EndGlobalSection
	GlobalSection(ProjectConfigurationPlatforms) = postSolution
		{C2B47BF0-851E-4858-AB18-EA98FBDB8746}.Debug|Any CPU.ActiveCfg = Debug|Any CPU
		{C2B47BF0-851E-4858-AB18-EA98FBDB8746}.Debug|Any CPU.Build.0 = Debug|Any CPU
		{C2B47BF0-851E-4858-AB18-EA98FBDB8746}.Release|Any CPU.ActiveCfg = Release|Any CPU
		{C2B47BF0-851E-4858-AB18-EA98FBDB8746}.Release|Any CPU.Build.0 = Release|Any CPU
	EndGlobalSection
	GlobalSection(SolutionProperties) = preSolution
		HideSolutionNode = FALSE
	EndGlobalSection
	GlobalSection(ExtensibilityGlobals) = postSolution
		SolutionGuid = {989F6D68-DD58-4D8F-8A53-C92D61184595}
	EndGlobalSection
EndGlobal
