
Microsoft Visual Studio Solution File, Format Version 12.00
# Visual Studio Version 16
VisualStudioVersion = 16.0.31624.102
MinimumVisualStudioVersion = 10.0.40219.1
Project("{FAE04EC0-301F-11D3-BF4B-00C04F79EFBC}") = "BinaryTreePostPreTraversal", "BinaryTreePostPreTraversal\BinaryTreePostPreTraversal.csproj", "{6A2B98BF-820D-4E4E-9141-8DDB29926385}"
EndProject
Global
	GlobalSection(SolutionConfigurationPlatforms) = preSolution
		Debug|Any CPU = Debug|Any CPU
		Release|Any CPU = Release|Any CPU
	EndGlobalSection
	GlobalSection(ProjectConfigurationPlatforms) = postSolution
		{6A2B98BF-820D-4E4E-9141-8DDB29926385}.Debug|Any CPU.ActiveCfg = Debug|Any CPU
		{6A2B98BF-820D-4E4E-9141-8DDB29926385}.Debug|Any CPU.Build.0 = Debug|Any CPU
		{6A2B98BF-820D-4E4E-9141-8DDB29926385}.Release|Any CPU.ActiveCfg = Release|Any CPU
		{6A2B98BF-820D-4E4E-9141-8DDB29926385}.Release|Any CPU.Build.0 = Release|Any CPU
	EndGlobalSection
	GlobalSection(SolutionProperties) = preSolution
		HideSolutionNode = FALSE
	EndGlobalSection
	GlobalSection(ExtensibilityGlobals) = postSolution
		SolutionGuid = {197047DF-6D2D-4781-AFAE-3EA34684E560}
	EndGlobalSection
EndGlobal
