
Microsoft Visual Studio Solution File, Format Version 12.00
# Visual Studio Version 16
VisualStudioVersion = 16.0.31624.102
MinimumVisualStudioVersion = 10.0.40219.1
Project("{FAE04EC0-301F-11D3-BF4B-00C04F79EFBC}") = "circularQueueLinkedList", "circularQueueLinkedList\circularQueueLinkedList.csproj", "{21A1C7D9-B425-4387-8CFE-44943F2ABAAD}"
EndProject
Global
	GlobalSection(SolutionConfigurationPlatforms) = preSolution
		Debug|Any CPU = Debug|Any CPU
		Release|Any CPU = Release|Any CPU
	EndGlobalSection
	GlobalSection(ProjectConfigurationPlatforms) = postSolution
		{21A1C7D9-B425-4387-8CFE-44943F2ABAAD}.Debug|Any CPU.ActiveCfg = Debug|Any CPU
		{21A1C7D9-B425-4387-8CFE-44943F2ABAAD}.Debug|Any CPU.Build.0 = Debug|Any CPU
		{21A1C7D9-B425-4387-8CFE-44943F2ABAAD}.Release|Any CPU.ActiveCfg = Release|Any CPU
		{21A1C7D9-B425-4387-8CFE-44943F2ABAAD}.Release|Any CPU.Build.0 = Release|Any CPU
	EndGlobalSection
	GlobalSection(SolutionProperties) = preSolution
		HideSolutionNode = FALSE
	EndGlobalSection
	GlobalSection(ExtensibilityGlobals) = postSolution
		SolutionGuid = {6FE09152-ABD8-4D1D-8BAE-14A0C90CCD56}
	EndGlobalSection
EndGlobal
