
Microsoft Visual Studio Solution File, Format Version 12.00
# Visual Studio Version 16
VisualStudioVersion = 16.0.31624.102
MinimumVisualStudioVersion = 10.0.40219.1
Project("{FAE04EC0-301F-11D3-BF4B-00C04F79EFBC}") = "RemoveDuplicateFromArray", "RemoveDuplicateFromArray\RemoveDuplicateFromArray.csproj", "{EB2EDF7C-4621-4625-B30D-6360F7B42E38}"
EndProject
Global
	GlobalSection(SolutionConfigurationPlatforms) = preSolution
		Debug|Any CPU = Debug|Any CPU
		Release|Any CPU = Release|Any CPU
	EndGlobalSection
	GlobalSection(ProjectConfigurationPlatforms) = postSolution
		{EB2EDF7C-4621-4625-B30D-6360F7B42E38}.Debug|Any CPU.ActiveCfg = Debug|Any CPU
		{EB2EDF7C-4621-4625-B30D-6360F7B42E38}.Debug|Any CPU.Build.0 = Debug|Any CPU
		{EB2EDF7C-4621-4625-B30D-6360F7B42E38}.Release|Any CPU.ActiveCfg = Release|Any CPU
		{EB2EDF7C-4621-4625-B30D-6360F7B42E38}.Release|Any CPU.Build.0 = Release|Any CPU
	EndGlobalSection
	GlobalSection(SolutionProperties) = preSolution
		HideSolutionNode = FALSE
	EndGlobalSection
	GlobalSection(ExtensibilityGlobals) = postSolution
		SolutionGuid = {FFEEAA21-D7E1-4A70-AB0E-7020A0DCDDE7}
	EndGlobalSection
EndGlobal
