
Microsoft Visual Studio Solution File, Format Version 12.00
# Visual Studio Version 16
VisualStudioVersion = 16.0.31624.102
MinimumVisualStudioVersion = 10.0.40219.1
Project("{FAE04EC0-301F-11D3-BF4B-00C04F79EFBC}") = "141LinkedListCycle", "141LinkedListCycle\141LinkedListCycle.csproj", "{C0D705C5-5EBF-41DE-9151-9B3A888D8EAA}"
EndProject
Global
	GlobalSection(SolutionConfigurationPlatforms) = preSolution
		Debug|Any CPU = Debug|Any CPU
		Release|Any CPU = Release|Any CPU
	EndGlobalSection
	GlobalSection(ProjectConfigurationPlatforms) = postSolution
		{C0D705C5-5EBF-41DE-9151-9B3A888D8EAA}.Debug|Any CPU.ActiveCfg = Debug|Any CPU
		{C0D705C5-5EBF-41DE-9151-9B3A888D8EAA}.Debug|Any CPU.Build.0 = Debug|Any CPU
		{C0D705C5-5EBF-41DE-9151-9B3A888D8EAA}.Release|Any CPU.ActiveCfg = Release|Any CPU
		{C0D705C5-5EBF-41DE-9151-9B3A888D8EAA}.Release|Any CPU.Build.0 = Release|Any CPU
	EndGlobalSection
	GlobalSection(SolutionProperties) = preSolution
		HideSolutionNode = FALSE
	EndGlobalSection
	GlobalSection(ExtensibilityGlobals) = postSolution
		SolutionGuid = {ABE29681-B7BE-4C8A-9827-DF71C22DC752}
	EndGlobalSection
EndGlobal
