
Microsoft Visual Studio Solution File, Format Version 12.00
# Visual Studio Version 16
VisualStudioVersion = 16.0.31624.102
MinimumVisualStudioVersion = 10.0.40219.1
Project("{FAE04EC0-301F-11D3-BF4B-00C04F79EFBC}") = "MultiplicationTable", "MultiplicationTable\MultiplicationTable.csproj", "{6C6B6495-9B96-4615-A8CA-91AC3309F051}"
EndProject
Global
	GlobalSection(SolutionConfigurationPlatforms) = preSolution
		Debug|Any CPU = Debug|Any CPU
		Release|Any CPU = Release|Any CPU
	EndGlobalSection
	GlobalSection(ProjectConfigurationPlatforms) = postSolution
		{6C6B6495-9B96-4615-A8CA-91AC3309F051}.Debug|Any CPU.ActiveCfg = Debug|Any CPU
		{6C6B6495-9B96-4615-A8CA-91AC3309F051}.Debug|Any CPU.Build.0 = Debug|Any CPU
		{6C6B6495-9B96-4615-A8CA-91AC3309F051}.Release|Any CPU.ActiveCfg = Release|Any CPU
		{6C6B6495-9B96-4615-A8CA-91AC3309F051}.Release|Any CPU.Build.0 = Release|Any CPU
	EndGlobalSection
	GlobalSection(SolutionProperties) = preSolution
		HideSolutionNode = FALSE
	EndGlobalSection
	GlobalSection(ExtensibilityGlobals) = postSolution
		SolutionGuid = {E8B374DD-6A90-4715-B51C-9977CB883C56}
	EndGlobalSection
EndGlobal
