
Microsoft Visual Studio Solution File, Format Version 12.00
# Visual Studio Version 16
VisualStudioVersion = 16.0.31624.102
MinimumVisualStudioVersion = 10.0.40219.1
Project("{FAE04EC0-301F-11D3-BF4B-00C04F79EFBC}") = "QueueUsingLinkedList", "QueueUsingLinkedList\QueueUsingLinkedList.csproj", "{CDC8AFEA-8A48-41B9-81EF-EFC68867457B}"
EndProject
Global
	GlobalSection(SolutionConfigurationPlatforms) = preSolution
		Debug|Any CPU = Debug|Any CPU
		Release|Any CPU = Release|Any CPU
	EndGlobalSection
	GlobalSection(ProjectConfigurationPlatforms) = postSolution
		{CDC8AFEA-8A48-41B9-81EF-EFC68867457B}.Debug|Any CPU.ActiveCfg = Debug|Any CPU
		{CDC8AFEA-8A48-41B9-81EF-EFC68867457B}.Debug|Any CPU.Build.0 = Debug|Any CPU
		{CDC8AFEA-8A48-41B9-81EF-EFC68867457B}.Release|Any CPU.ActiveCfg = Release|Any CPU
		{CDC8AFEA-8A48-41B9-81EF-EFC68867457B}.Release|Any CPU.Build.0 = Release|Any CPU
	EndGlobalSection
	GlobalSection(SolutionProperties) = preSolution
		HideSolutionNode = FALSE
	EndGlobalSection
	GlobalSection(ExtensibilityGlobals) = postSolution
		SolutionGuid = {6E9AA840-DF1F-47C3-85C0-87730B13E8A2}
	EndGlobalSection
EndGlobal
