
Microsoft Visual Studio Solution File, Format Version 12.00
# Visual Studio Version 16
VisualStudioVersion = 16.0.31624.102
MinimumVisualStudioVersion = 10.0.40219.1
Project("{FAE04EC0-301F-11D3-BF4B-00C04F79EFBC}") = "stackUsingLinkedList", "stackUsingLinkedList\stackUsingLinkedList.csproj", "{886201C8-80B9-4DE1-B8A1-03AF94FA7666}"
EndProject
Global
	GlobalSection(SolutionConfigurationPlatforms) = preSolution
		Debug|Any CPU = Debug|Any CPU
		Release|Any CPU = Release|Any CPU
	EndGlobalSection
	GlobalSection(ProjectConfigurationPlatforms) = postSolution
		{886201C8-80B9-4DE1-B8A1-03AF94FA7666}.Debug|Any CPU.ActiveCfg = Debug|Any CPU
		{886201C8-80B9-4DE1-B8A1-03AF94FA7666}.Debug|Any CPU.Build.0 = Debug|Any CPU
		{886201C8-80B9-4DE1-B8A1-03AF94FA7666}.Release|Any CPU.ActiveCfg = Release|Any CPU
		{886201C8-80B9-4DE1-B8A1-03AF94FA7666}.Release|Any CPU.Build.0 = Release|Any CPU
	EndGlobalSection
	GlobalSection(SolutionProperties) = preSolution
		HideSolutionNode = FALSE
	EndGlobalSection
	GlobalSection(ExtensibilityGlobals) = postSolution
		SolutionGuid = {15BF27EB-7958-4364-9F3A-DBC15537E65A}
	EndGlobalSection
EndGlobal
