
Microsoft Visual Studio Solution File, Format Version 12.00
# Visual Studio Version 16
VisualStudioVersion = 16.0.31624.102
MinimumVisualStudioVersion = 10.0.40219.1
Project("{FAE04EC0-301F-11D3-BF4B-00C04F79EFBC}") = "EntityFrameworkDB", "EntityFrameworkDB\EntityFrameworkDB.csproj", "{9FA813DE-F412-4251-AB6E-ABB1DF2AA64B}"
EndProject
Global
	GlobalSection(SolutionConfigurationPlatforms) = preSolution
		Debug|Any CPU = Debug|Any CPU
		Release|Any CPU = Release|Any CPU
	EndGlobalSection
	GlobalSection(ProjectConfigurationPlatforms) = postSolution
		{9FA813DE-F412-4251-AB6E-ABB1DF2AA64B}.Debug|Any CPU.ActiveCfg = Debug|Any CPU
		{9FA813DE-F412-4251-AB6E-ABB1DF2AA64B}.Debug|Any CPU.Build.0 = Debug|Any CPU
		{9FA813DE-F412-4251-AB6E-ABB1DF2AA64B}.Release|Any CPU.ActiveCfg = Release|Any CPU
		{9FA813DE-F412-4251-AB6E-ABB1DF2AA64B}.Release|Any CPU.Build.0 = Release|Any CPU
	EndGlobalSection
	GlobalSection(SolutionProperties) = preSolution
		HideSolutionNode = FALSE
	EndGlobalSection
	GlobalSection(ExtensibilityGlobals) = postSolution
		SolutionGuid = {8511A2FB-7354-4DFC-B961-914353C23A36}
	EndGlobalSection
EndGlobal
