
Microsoft Visual Studio Solution File, Format Version 12.00
# Visual Studio Version 16
VisualStudioVersion = 16.0.31624.102
MinimumVisualStudioVersion = 10.0.40219.1
Project("{FAE04EC0-301F-11D3-BF4B-00C04F79EFBC}") = "TopologicalSortGraph", "TopologicalSortGraph\TopologicalSortGraph.csproj", "{AA136F8F-5D44-42BC-AE66-F0DA182653C2}"
EndProject
Global
	GlobalSection(SolutionConfigurationPlatforms) = preSolution
		Debug|Any CPU = Debug|Any CPU
		Release|Any CPU = Release|Any CPU
	EndGlobalSection
	GlobalSection(ProjectConfigurationPlatforms) = postSolution
		{AA136F8F-5D44-42BC-AE66-F0DA182653C2}.Debug|Any CPU.ActiveCfg = Debug|Any CPU
		{AA136F8F-5D44-42BC-AE66-F0DA182653C2}.Debug|Any CPU.Build.0 = Debug|Any CPU
		{AA136F8F-5D44-42BC-AE66-F0DA182653C2}.Release|Any CPU.ActiveCfg = Release|Any CPU
		{AA136F8F-5D44-42BC-AE66-F0DA182653C2}.Release|Any CPU.Build.0 = Release|Any CPU
	EndGlobalSection
	GlobalSection(SolutionProperties) = preSolution
		HideSolutionNode = FALSE
	EndGlobalSection
	GlobalSection(ExtensibilityGlobals) = postSolution
		SolutionGuid = {03757F6A-3E58-43D7-8F1B-7F84831C7E09}
	EndGlobalSection
EndGlobal
