
Microsoft Visual Studio Solution File, Format Version 12.00
# Visual Studio Version 16
VisualStudioVersion = 16.0.31624.102
MinimumVisualStudioVersion = 10.0.40219.1
Project("{FAE04EC0-301F-11D3-BF4B-00C04F79EFBC}") = "876middleNodeLinkedList", "876middleNodeLinkedList\876middleNodeLinkedList.csproj", "{B9D51596-0ABD-4BAA-B639-81F2EA203E07}"
EndProject
Global
	GlobalSection(SolutionConfigurationPlatforms) = preSolution
		Debug|Any CPU = Debug|Any CPU
		Release|Any CPU = Release|Any CPU
	EndGlobalSection
	GlobalSection(ProjectConfigurationPlatforms) = postSolution
		{B9D51596-0ABD-4BAA-B639-81F2EA203E07}.Debug|Any CPU.ActiveCfg = Debug|Any CPU
		{B9D51596-0ABD-4BAA-B639-81F2EA203E07}.Debug|Any CPU.Build.0 = Debug|Any CPU
		{B9D51596-0ABD-4BAA-B639-81F2EA203E07}.Release|Any CPU.ActiveCfg = Release|Any CPU
		{B9D51596-0ABD-4BAA-B639-81F2EA203E07}.Release|Any CPU.Build.0 = Release|Any CPU
	EndGlobalSection
	GlobalSection(SolutionProperties) = preSolution
		HideSolutionNode = FALSE
	EndGlobalSection
	GlobalSection(ExtensibilityGlobals) = postSolution
		SolutionGuid = {FBE7F378-6BDF-4ADC-966C-A402DB08184F}
	EndGlobalSection
EndGlobal
