
Microsoft Visual Studio Solution File, Format Version 12.00
# Visual Studio Version 16
VisualStudioVersion = 16.0.31624.102
MinimumVisualStudioVersion = 10.0.40219.1
Project("{FAE04EC0-301F-11D3-BF4B-00C04F79EFBC}") = "Leapyear", "Leapyear\Leapyear.csproj", "{7B7E962E-211B-4C87-9CA6-AA15A06BE4B3}"
EndProject
Global
	GlobalSection(SolutionConfigurationPlatforms) = preSolution
		Debug|Any CPU = Debug|Any CPU
		Release|Any CPU = Release|Any CPU
	EndGlobalSection
	GlobalSection(ProjectConfigurationPlatforms) = postSolution
		{7B7E962E-211B-4C87-9CA6-AA15A06BE4B3}.Debug|Any CPU.ActiveCfg = Debug|Any CPU
		{7B7E962E-211B-4C87-9CA6-AA15A06BE4B3}.Debug|Any CPU.Build.0 = Debug|Any CPU
		{7B7E962E-211B-4C87-9CA6-AA15A06BE4B3}.Release|Any CPU.ActiveCfg = Release|Any CPU
		{7B7E962E-211B-4C87-9CA6-AA15A06BE4B3}.Release|Any CPU.Build.0 = Release|Any CPU
	EndGlobalSection
	GlobalSection(SolutionProperties) = preSolution
		HideSolutionNode = FALSE
	EndGlobalSection
	GlobalSection(ExtensibilityGlobals) = postSolution
		SolutionGuid = {D4205583-1B93-4B0F-BDA5-5AB737B9F5E9}
	EndGlobalSection
EndGlobal
