
Microsoft Visual Studio Solution File, Format Version 12.00
# Visual Studio Version 16
VisualStudioVersion = 16.0.31624.102
MinimumVisualStudioVersion = 10.0.40219.1
Project("{FAE04EC0-301F-11D3-BF4B-00C04F79EFBC}") = "230KthLargestBST", "230KthLargestBST\230KthLargestBST.csproj", "{83ABEEC4-5D6E-4E85-AA9F-312809E3186C}"
EndProject
Global
	GlobalSection(SolutionConfigurationPlatforms) = preSolution
		Debug|Any CPU = Debug|Any CPU
		Release|Any CPU = Release|Any CPU
	EndGlobalSection
	GlobalSection(ProjectConfigurationPlatforms) = postSolution
		{83ABEEC4-5D6E-4E85-AA9F-312809E3186C}.Debug|Any CPU.ActiveCfg = Debug|Any CPU
		{83ABEEC4-5D6E-4E85-AA9F-312809E3186C}.Debug|Any CPU.Build.0 = Debug|Any CPU
		{83ABEEC4-5D6E-4E85-AA9F-312809E3186C}.Release|Any CPU.ActiveCfg = Release|Any CPU
		{83ABEEC4-5D6E-4E85-AA9F-312809E3186C}.Release|Any CPU.Build.0 = Release|Any CPU
	EndGlobalSection
	GlobalSection(SolutionProperties) = preSolution
		HideSolutionNode = FALSE
	EndGlobalSection
	GlobalSection(ExtensibilityGlobals) = postSolution
		SolutionGuid = {A73E1314-1208-490D-B646-542335584E16}
	EndGlobalSection
EndGlobal
