
Microsoft Visual Studio Solution File, Format Version 12.00
# Visual Studio Version 16
VisualStudioVersion = 16.0.31624.102
MinimumVisualStudioVersion = 10.0.40219.1
Project("{FAE04EC0-301F-11D3-BF4B-00C04F79EFBC}") = "SinglyLinkedList", "SinglyLinkedList\SinglyLinkedList.csproj", "{2E0BB8E1-08E8-4AB8-9F50-E1BC9C9DFCA2}"
EndProject
Global
	GlobalSection(SolutionConfigurationPlatforms) = preSolution
		Debug|Any CPU = Debug|Any CPU
		Release|Any CPU = Release|Any CPU
	EndGlobalSection
	GlobalSection(ProjectConfigurationPlatforms) = postSolution
		{2E0BB8E1-08E8-4AB8-9F50-E1BC9C9DFCA2}.Debug|Any CPU.ActiveCfg = Debug|Any CPU
		{2E0BB8E1-08E8-4AB8-9F50-E1BC9C9DFCA2}.Debug|Any CPU.Build.0 = Debug|Any CPU
		{2E0BB8E1-08E8-4AB8-9F50-E1BC9C9DFCA2}.Release|Any CPU.ActiveCfg = Release|Any CPU
		{2E0BB8E1-08E8-4AB8-9F50-E1BC9C9DFCA2}.Release|Any CPU.Build.0 = Release|Any CPU
	EndGlobalSection
	GlobalSection(SolutionProperties) = preSolution
		HideSolutionNode = FALSE
	EndGlobalSection
	GlobalSection(ExtensibilityGlobals) = postSolution
		SolutionGuid = {2D932AFA-0947-40C2-B892-5BDD04ED3840}
	EndGlobalSection
EndGlobal
