
Microsoft Visual Studio Solution File, Format Version 12.00
# Visual Studio Version 16
VisualStudioVersion = 16.0.31624.102
MinimumVisualStudioVersion = 10.0.40219.1
Project("{FAE04EC0-301F-11D3-BF4B-00C04F79EFBC}") = "BinaryTreeFromPostInOrder", "BinaryTreeFromPostInOrder\BinaryTreeFromPostInOrder.csproj", "{A8D4F518-7EA0-4658-A000-FCFD528A0356}"
EndProject
Global
	GlobalSection(SolutionConfigurationPlatforms) = preSolution
		Debug|Any CPU = Debug|Any CPU
		Release|Any CPU = Release|Any CPU
	EndGlobalSection
	GlobalSection(ProjectConfigurationPlatforms) = postSolution
		{A8D4F518-7EA0-4658-A000-FCFD528A0356}.Debug|Any CPU.ActiveCfg = Debug|Any CPU
		{A8D4F518-7EA0-4658-A000-FCFD528A0356}.Debug|Any CPU.Build.0 = Debug|Any CPU
		{A8D4F518-7EA0-4658-A000-FCFD528A0356}.Release|Any CPU.ActiveCfg = Release|Any CPU
		{A8D4F518-7EA0-4658-A000-FCFD528A0356}.Release|Any CPU.Build.0 = Release|Any CPU
	EndGlobalSection
	GlobalSection(SolutionProperties) = preSolution
		HideSolutionNode = FALSE
	EndGlobalSection
	GlobalSection(ExtensibilityGlobals) = postSolution
		SolutionGuid = {F18BB045-3B60-485F-804E-B60A06CA00EE}
	EndGlobalSection
EndGlobal
