
Microsoft Visual Studio Solution File, Format Version 12.00
# Visual Studio Version 16
VisualStudioVersion = 16.0.31624.102
MinimumVisualStudioVersion = 10.0.40219.1
Project("{FAE04EC0-301F-11D3-BF4B-00C04F79EFBC}") = "BinarySearch", "BinarySearch\BinarySearch.csproj", "{C8F888C5-0E9F-4FBE-B9B3-9CE090A7937B}"
EndProject
Global
	GlobalSection(SolutionConfigurationPlatforms) = preSolution
		Debug|Any CPU = Debug|Any CPU
		Release|Any CPU = Release|Any CPU
	EndGlobalSection
	GlobalSection(ProjectConfigurationPlatforms) = postSolution
		{C8F888C5-0E9F-4FBE-B9B3-9CE090A7937B}.Debug|Any CPU.ActiveCfg = Debug|Any CPU
		{C8F888C5-0E9F-4FBE-B9B3-9CE090A7937B}.Debug|Any CPU.Build.0 = Debug|Any CPU
		{C8F888C5-0E9F-4FBE-B9B3-9CE090A7937B}.Release|Any CPU.ActiveCfg = Release|Any CPU
		{C8F888C5-0E9F-4FBE-B9B3-9CE090A7937B}.Release|Any CPU.Build.0 = Release|Any CPU
	EndGlobalSection
	GlobalSection(SolutionProperties) = preSolution
		HideSolutionNode = FALSE
	EndGlobalSection
	GlobalSection(ExtensibilityGlobals) = postSolution
		SolutionGuid = {B3A8D690-F793-4AD8-A41F-DD8ABE8B138B}
	EndGlobalSection
EndGlobal
