
Microsoft Visual Studio Solution File, Format Version 12.00
# Visual Studio Version 16
VisualStudioVersion = 16.0.31624.102
MinimumVisualStudioVersion = 10.0.40219.1
Project("{FAE04EC0-301F-11D3-BF4B-00C04F79EFBC}") = "267.PermutationPalindromeII", "267.PermutationPalindromeII\267.PermutationPalindromeII.csproj", "{98D55B1B-55E6-4997-96D2-09C4AC968DD9}"
EndProject
Global
	GlobalSection(SolutionConfigurationPlatforms) = preSolution
		Debug|Any CPU = Debug|Any CPU
		Release|Any CPU = Release|Any CPU
	EndGlobalSection
	GlobalSection(ProjectConfigurationPlatforms) = postSolution
		{98D55B1B-55E6-4997-96D2-09C4AC968DD9}.Debug|Any CPU.ActiveCfg = Debug|Any CPU
		{98D55B1B-55E6-4997-96D2-09C4AC968DD9}.Debug|Any CPU.Build.0 = Debug|Any CPU
		{98D55B1B-55E6-4997-96D2-09C4AC968DD9}.Release|Any CPU.ActiveCfg = Release|Any CPU
		{98D55B1B-55E6-4997-96D2-09C4AC968DD9}.Release|Any CPU.Build.0 = Release|Any CPU
	EndGlobalSection
	GlobalSection(SolutionProperties) = preSolution
		HideSolutionNode = FALSE
	EndGlobalSection
	GlobalSection(ExtensibilityGlobals) = postSolution
		SolutionGuid = {E3C90136-26A3-45EC-85EC-B48F539C7443}
	EndGlobalSection
EndGlobal
