
Microsoft Visual Studio Solution File, Format Version 12.00
# Visual Studio Version 16
VisualStudioVersion = 16.0.31624.102
MinimumVisualStudioVersion = 10.0.40219.1
Project("{FAE04EC0-301F-11D3-BF4B-00C04F79EFBC}") = "validparenthesis", "validparenthesis\validparenthesis.csproj", "{EDCE189C-4BF1-44BB-AF94-BA0858C958D1}"
EndProject
Global
	GlobalSection(SolutionConfigurationPlatforms) = preSolution
		Debug|Any CPU = Debug|Any CPU
		Release|Any CPU = Release|Any CPU
	EndGlobalSection
	GlobalSection(ProjectConfigurationPlatforms) = postSolution
		{EDCE189C-4BF1-44BB-AF94-BA0858C958D1}.Debug|Any CPU.ActiveCfg = Debug|Any CPU
		{EDCE189C-4BF1-44BB-AF94-BA0858C958D1}.Debug|Any CPU.Build.0 = Debug|Any CPU
		{EDCE189C-4BF1-44BB-AF94-BA0858C958D1}.Release|Any CPU.ActiveCfg = Release|Any CPU
		{EDCE189C-4BF1-44BB-AF94-BA0858C958D1}.Release|Any CPU.Build.0 = Release|Any CPU
	EndGlobalSection
	GlobalSection(SolutionProperties) = preSolution
		HideSolutionNode = FALSE
	EndGlobalSection
	GlobalSection(ExtensibilityGlobals) = postSolution
		SolutionGuid = {FAAE4D44-BD78-421D-BB89-80D5FE60611F}
	EndGlobalSection
EndGlobal
