
Microsoft Visual Studio Solution File, Format Version 12.00
# Visual Studio Version 16
VisualStudioVersion = 16.0.31624.102
MinimumVisualStudioVersion = 10.0.40219.1
Project("{FAE04EC0-301F-11D3-BF4B-00C04F79EFBC}") = "295MedianSortedArrays", "295MedianSortedArrays\295MedianSortedArrays.csproj", "{75CAA98E-958A-4770-9F55-E2C1246BF772}"
EndProject
Global
	GlobalSection(SolutionConfigurationPlatforms) = preSolution
		Debug|Any CPU = Debug|Any CPU
		Release|Any CPU = Release|Any CPU
	EndGlobalSection
	GlobalSection(ProjectConfigurationPlatforms) = postSolution
		{75CAA98E-958A-4770-9F55-E2C1246BF772}.Debug|Any CPU.ActiveCfg = Debug|Any CPU
		{75CAA98E-958A-4770-9F55-E2C1246BF772}.Debug|Any CPU.Build.0 = Debug|Any CPU
		{75CAA98E-958A-4770-9F55-E2C1246BF772}.Release|Any CPU.ActiveCfg = Release|Any CPU
		{75CAA98E-958A-4770-9F55-E2C1246BF772}.Release|Any CPU.Build.0 = Release|Any CPU
	EndGlobalSection
	GlobalSection(SolutionProperties) = preSolution
		HideSolutionNode = FALSE
	EndGlobalSection
	GlobalSection(ExtensibilityGlobals) = postSolution
		SolutionGuid = {5B818BD5-DDED-4555-92A5-9679A01952FB}
	EndGlobalSection
EndGlobal
