
Microsoft Visual Studio Solution File, Format Version 12.00
# Visual Studio Version 16
VisualStudioVersion = 16.0.31624.102
MinimumVisualStudioVersion = 10.0.40219.1
Project("{FAE04EC0-301F-11D3-BF4B-00C04F79EFBC}") = "ReverseBits", "ReverseBits\ReverseBits.csproj", "{7EE66B85-16F4-411D-AD0F-0998D4B30C74}"
EndProject
Global
	GlobalSection(SolutionConfigurationPlatforms) = preSolution
		Debug|Any CPU = Debug|Any CPU
		Release|Any CPU = Release|Any CPU
	EndGlobalSection
	GlobalSection(ProjectConfigurationPlatforms) = postSolution
		{7EE66B85-16F4-411D-AD0F-0998D4B30C74}.Debug|Any CPU.ActiveCfg = Debug|Any CPU
		{7EE66B85-16F4-411D-AD0F-0998D4B30C74}.Debug|Any CPU.Build.0 = Debug|Any CPU
		{7EE66B85-16F4-411D-AD0F-0998D4B30C74}.Release|Any CPU.ActiveCfg = Release|Any CPU
		{7EE66B85-16F4-411D-AD0F-0998D4B30C74}.Release|Any CPU.Build.0 = Release|Any CPU
	EndGlobalSection
	GlobalSection(SolutionProperties) = preSolution
		HideSolutionNode = FALSE
	EndGlobalSection
	GlobalSection(ExtensibilityGlobals) = postSolution
		SolutionGuid = {0DAEB043-29D6-4677-ACD3-80F85F3C53FF}
	EndGlobalSection
EndGlobal
