
Microsoft Visual Studio Solution File, Format Version 12.00
# Visual Studio Version 16
VisualStudioVersion = 16.0.31624.102
MinimumVisualStudioVersion = 10.0.40219.1
Project("{FAE04EC0-301F-11D3-BF4B-00C04F79EFBC}") = "palindromrecursion", "palindromrecursion\palindromrecursion.csproj", "{346DF8B4-C38F-498D-BB5F-D8EE06DD09EA}"
EndProject
Global
	GlobalSection(SolutionConfigurationPlatforms) = preSolution
		Debug|Any CPU = Debug|Any CPU
		Release|Any CPU = Release|Any CPU
	EndGlobalSection
	GlobalSection(ProjectConfigurationPlatforms) = postSolution
		{346DF8B4-C38F-498D-BB5F-D8EE06DD09EA}.Debug|Any CPU.ActiveCfg = Debug|Any CPU
		{346DF8B4-C38F-498D-BB5F-D8EE06DD09EA}.Debug|Any CPU.Build.0 = Debug|Any CPU
		{346DF8B4-C38F-498D-BB5F-D8EE06DD09EA}.Release|Any CPU.ActiveCfg = Release|Any CPU
		{346DF8B4-C38F-498D-BB5F-D8EE06DD09EA}.Release|Any CPU.Build.0 = Release|Any CPU
	EndGlobalSection
	GlobalSection(SolutionProperties) = preSolution
		HideSolutionNode = FALSE
	EndGlobalSection
	GlobalSection(ExtensibilityGlobals) = postSolution
		SolutionGuid = {D4398722-5EC3-41C0-99C6-0E2EF80761BD}
	EndGlobalSection
EndGlobal
