
Microsoft Visual Studio Solution File, Format Version 12.00
# Visual Studio Version 16
VisualStudioVersion = 16.0.31624.102
MinimumVisualStudioVersion = 10.0.40219.1
Project("{FAE04EC0-301F-11D3-BF4B-00C04F79EFBC}") = "MinimumDistance3SortedArray", "MinimumDistance3SortedArray\MinimumDistance3SortedArray.csproj", "{2A0AD287-36CD-4D93-B01B-A9F8DA90C1CF}"
EndProject
Global
	GlobalSection(SolutionConfigurationPlatforms) = preSolution
		Debug|Any CPU = Debug|Any CPU
		Release|Any CPU = Release|Any CPU
	EndGlobalSection
	GlobalSection(ProjectConfigurationPlatforms) = postSolution
		{2A0AD287-36CD-4D93-B01B-A9F8DA90C1CF}.Debug|Any CPU.ActiveCfg = Debug|Any CPU
		{2A0AD287-36CD-4D93-B01B-A9F8DA90C1CF}.Debug|Any CPU.Build.0 = Debug|Any CPU
		{2A0AD287-36CD-4D93-B01B-A9F8DA90C1CF}.Release|Any CPU.ActiveCfg = Release|Any CPU
		{2A0AD287-36CD-4D93-B01B-A9F8DA90C1CF}.Release|Any CPU.Build.0 = Release|Any CPU
	EndGlobalSection
	GlobalSection(SolutionProperties) = preSolution
		HideSolutionNode = FALSE
	EndGlobalSection
	GlobalSection(ExtensibilityGlobals) = postSolution
		SolutionGuid = {F5DFEA59-9094-4FE6-800C-6FC082C3BF19}
	EndGlobalSection
EndGlobal
