
Microsoft Visual Studio Solution File, Format Version 12.00
# Visual Studio Version 16
VisualStudioVersion = 16.0.31624.102
MinimumVisualStudioVersion = 10.0.40219.1
Project("{FAE04EC0-301F-11D3-BF4B-00C04F79EFBC}") = "BuySellStocks", "BuySellStocks\BuySellStocks.csproj", "{77BF057B-0C33-4AD6-8D8D-3DF242A1E4D3}"
EndProject
Global
	GlobalSection(SolutionConfigurationPlatforms) = preSolution
		Debug|Any CPU = Debug|Any CPU
		Release|Any CPU = Release|Any CPU
	EndGlobalSection
	GlobalSection(ProjectConfigurationPlatforms) = postSolution
		{77BF057B-0C33-4AD6-8D8D-3DF242A1E4D3}.Debug|Any CPU.ActiveCfg = Debug|Any CPU
		{77BF057B-0C33-4AD6-8D8D-3DF242A1E4D3}.Debug|Any CPU.Build.0 = Debug|Any CPU
		{77BF057B-0C33-4AD6-8D8D-3DF242A1E4D3}.Release|Any CPU.ActiveCfg = Release|Any CPU
		{77BF057B-0C33-4AD6-8D8D-3DF242A1E4D3}.Release|Any CPU.Build.0 = Release|Any CPU
	EndGlobalSection
	GlobalSection(SolutionProperties) = preSolution
		HideSolutionNode = FALSE
	EndGlobalSection
	GlobalSection(ExtensibilityGlobals) = postSolution
		SolutionGuid = {92D06166-B531-4DD4-91E0-F6B413AC4D61}
	EndGlobalSection
EndGlobal
