
Microsoft Visual Studio Solution File, Format Version 12.00
# Visual Studio Version 16
VisualStudioVersion = 16.0.31624.102
MinimumVisualStudioVersion = 10.0.40219.1
Project("{FAE04EC0-301F-11D3-BF4B-00C04F79EFBC}") = "LongestCommonPrefix", "LongestCommonPrefix\LongestCommonPrefix.csproj", "{60CAE7F5-7CF5-4260-9798-B8F4BF1AAC34}"
EndProject
Global
	GlobalSection(SolutionConfigurationPlatforms) = preSolution
		Debug|Any CPU = Debug|Any CPU
		Release|Any CPU = Release|Any CPU
	EndGlobalSection
	GlobalSection(ProjectConfigurationPlatforms) = postSolution
		{60CAE7F5-7CF5-4260-9798-B8F4BF1AAC34}.Debug|Any CPU.ActiveCfg = Debug|Any CPU
		{60CAE7F5-7CF5-4260-9798-B8F4BF1AAC34}.Debug|Any CPU.Build.0 = Debug|Any CPU
		{60CAE7F5-7CF5-4260-9798-B8F4BF1AAC34}.Release|Any CPU.ActiveCfg = Release|Any CPU
		{60CAE7F5-7CF5-4260-9798-B8F4BF1AAC34}.Release|Any CPU.Build.0 = Release|Any CPU
	EndGlobalSection
	GlobalSection(SolutionProperties) = preSolution
		HideSolutionNode = FALSE
	EndGlobalSection
	GlobalSection(ExtensibilityGlobals) = postSolution
		SolutionGuid = {EB6EA393-9824-4542-8BF9-DF6AA281A11E}
	EndGlobalSection
EndGlobal
