
Microsoft Visual Studio Solution File, Format Version 12.00
# Visual Studio Version 16
VisualStudioVersion = 16.0.31624.102
MinimumVisualStudioVersion = 10.0.40219.1
Project("{FAE04EC0-301F-11D3-BF4B-00C04F79EFBC}") = "Roman2Int", "Roman2Int\Roman2Int.csproj", "{B16BB054-3F02-4471-93F5-8DD99AC03A23}"
EndProject
Global
	GlobalSection(SolutionConfigurationPlatforms) = preSolution
		Debug|Any CPU = Debug|Any CPU
		Release|Any CPU = Release|Any CPU
	EndGlobalSection
	GlobalSection(ProjectConfigurationPlatforms) = postSolution
		{B16BB054-3F02-4471-93F5-8DD99AC03A23}.Debug|Any CPU.ActiveCfg = Debug|Any CPU
		{B16BB054-3F02-4471-93F5-8DD99AC03A23}.Debug|Any CPU.Build.0 = Debug|Any CPU
		{B16BB054-3F02-4471-93F5-8DD99AC03A23}.Release|Any CPU.ActiveCfg = Release|Any CPU
		{B16BB054-3F02-4471-93F5-8DD99AC03A23}.Release|Any CPU.Build.0 = Release|Any CPU
	EndGlobalSection
	GlobalSection(SolutionProperties) = preSolution
		HideSolutionNode = FALSE
	EndGlobalSection
	GlobalSection(ExtensibilityGlobals) = postSolution
		SolutionGuid = {6834A358-EFBB-43D5-BDB1-C8A49B851D5E}
	EndGlobalSection
EndGlobal
