
Microsoft Visual Studio Solution File, Format Version 12.00
# Visual Studio Version 16
VisualStudioVersion = 16.0.31624.102
MinimumVisualStudioVersion = 10.0.40219.1
Project("{FAE04EC0-301F-11D3-BF4B-00C04F79EFBC}") = "LongSubstringNoRepeatingChars", "LongSubstringNoRepeatingChars\LongSubstringNoRepeatingChars.csproj", "{FF1046F9-37C4-4FD1-AB89-F9B040376E4C}"
EndProject
Global
	GlobalSection(SolutionConfigurationPlatforms) = preSolution
		Debug|Any CPU = Debug|Any CPU
		Release|Any CPU = Release|Any CPU
	EndGlobalSection
	GlobalSection(ProjectConfigurationPlatforms) = postSolution
		{FF1046F9-37C4-4FD1-AB89-F9B040376E4C}.Debug|Any CPU.ActiveCfg = Debug|Any CPU
		{FF1046F9-37C4-4FD1-AB89-F9B040376E4C}.Debug|Any CPU.Build.0 = Debug|Any CPU
		{FF1046F9-37C4-4FD1-AB89-F9B040376E4C}.Release|Any CPU.ActiveCfg = Release|Any CPU
		{FF1046F9-37C4-4FD1-AB89-F9B040376E4C}.Release|Any CPU.Build.0 = Release|Any CPU
	EndGlobalSection
	GlobalSection(SolutionProperties) = preSolution
		HideSolutionNode = FALSE
	EndGlobalSection
	GlobalSection(ExtensibilityGlobals) = postSolution
		SolutionGuid = {D3CEF474-587A-425E-8BF1-381189792628}
	EndGlobalSection
EndGlobal
