
Microsoft Visual Studio Solution File, Format Version 12.00
# Visual Studio Version 16
VisualStudioVersion = 16.0.31624.102
MinimumVisualStudioVersion = 10.0.40219.1
Project("{FAE04EC0-301F-11D3-BF4B-00C04F79EFBC}") = "236LCAOFBST", "236LCAOFBST\236LCAOFBST.csproj", "{761C3FA7-1CE3-4004-819E-F29E5F6FB2CC}"
EndProject
Global
	GlobalSection(SolutionConfigurationPlatforms) = preSolution
		Debug|Any CPU = Debug|Any CPU
		Release|Any CPU = Release|Any CPU
	EndGlobalSection
	GlobalSection(ProjectConfigurationPlatforms) = postSolution
		{761C3FA7-1CE3-4004-819E-F29E5F6FB2CC}.Debug|Any CPU.ActiveCfg = Debug|Any CPU
		{761C3FA7-1CE3-4004-819E-F29E5F6FB2CC}.Debug|Any CPU.Build.0 = Debug|Any CPU
		{761C3FA7-1CE3-4004-819E-F29E5F6FB2CC}.Release|Any CPU.ActiveCfg = Release|Any CPU
		{761C3FA7-1CE3-4004-819E-F29E5F6FB2CC}.Release|Any CPU.Build.0 = Release|Any CPU
	EndGlobalSection
	GlobalSection(SolutionProperties) = preSolution
		HideSolutionNode = FALSE
	EndGlobalSection
	GlobalSection(ExtensibilityGlobals) = postSolution
		SolutionGuid = {326F7E92-9BD7-4B39-870F-87E53E895B77}
	EndGlobalSection
EndGlobal
