
Microsoft Visual Studio Solution File, Format Version 12.00
# Visual Studio Version 16
VisualStudioVersion = 16.0.31624.102
MinimumVisualStudioVersion = 10.0.40219.1
Project("{FAE04EC0-301F-11D3-BF4B-00C04F79EFBC}") = "BucketSortAlgo", "BucketSortAlgo\BucketSortAlgo.csproj", "{51D5B649-CC74-4FCC-8199-5C68102FD201}"
EndProject
Global
	GlobalSection(SolutionConfigurationPlatforms) = preSolution
		Debug|Any CPU = Debug|Any CPU
		Release|Any CPU = Release|Any CPU
	EndGlobalSection
	GlobalSection(ProjectConfigurationPlatforms) = postSolution
		{51D5B649-CC74-4FCC-8199-5C68102FD201}.Debug|Any CPU.ActiveCfg = Debug|Any CPU
		{51D5B649-CC74-4FCC-8199-5C68102FD201}.Debug|Any CPU.Build.0 = Debug|Any CPU
		{51D5B649-CC74-4FCC-8199-5C68102FD201}.Release|Any CPU.ActiveCfg = Release|Any CPU
		{51D5B649-CC74-4FCC-8199-5C68102FD201}.Release|Any CPU.Build.0 = Release|Any CPU
	EndGlobalSection
	GlobalSection(SolutionProperties) = preSolution
		HideSolutionNode = FALSE
	EndGlobalSection
	GlobalSection(ExtensibilityGlobals) = postSolution
		SolutionGuid = {449A9CA7-AC06-4588-827D-16B54237B5F8}
	EndGlobalSection
EndGlobal
