
Microsoft Visual Studio Solution File, Format Version 12.00
# Visual Studio Version 16
VisualStudioVersion = 16.0.31624.102
MinimumVisualStudioVersion = 10.0.40219.1
Project("{FAE04EC0-301F-11D3-BF4B-00C04F79EFBC}") = "sampleentity", "sampleentity\sampleentity.csproj", "{581843E7-C2DF-45A9-8B14-043E317CC690}"
EndProject
Global
	GlobalSection(SolutionConfigurationPlatforms) = preSolution
		Debug|Any CPU = Debug|Any CPU
		Release|Any CPU = Release|Any CPU
	EndGlobalSection
	GlobalSection(ProjectConfigurationPlatforms) = postSolution
		{581843E7-C2DF-45A9-8B14-043E317CC690}.Debug|Any CPU.ActiveCfg = Debug|Any CPU
		{581843E7-C2DF-45A9-8B14-043E317CC690}.Debug|Any CPU.Build.0 = Debug|Any CPU
		{581843E7-C2DF-45A9-8B14-043E317CC690}.Release|Any CPU.ActiveCfg = Release|Any CPU
		{581843E7-C2DF-45A9-8B14-043E317CC690}.Release|Any CPU.Build.0 = Release|Any CPU
	EndGlobalSection
	GlobalSection(SolutionProperties) = preSolution
		HideSolutionNode = FALSE
	EndGlobalSection
	GlobalSection(ExtensibilityGlobals) = postSolution
		SolutionGuid = {CAED1CBC-5A6F-454E-91E5-2A3FF00E903B}
	EndGlobalSection
EndGlobal
