
Microsoft Visual Studio Solution File, Format Version 12.00
# Visual Studio Version 16
VisualStudioVersion = 16.0.31624.102
MinimumVisualStudioVersion = 10.0.40219.1
Project("{FAE04EC0-301F-11D3-BF4B-00C04F79EFBC}") = "circularLinkedList", "circularLinkedList\circularLinkedList.csproj", "{814DD777-872D-44AE-8D2A-AE76111CCB37}"
EndProject
Global
	GlobalSection(SolutionConfigurationPlatforms) = preSolution
		Debug|Any CPU = Debug|Any CPU
		Release|Any CPU = Release|Any CPU
	EndGlobalSection
	GlobalSection(ProjectConfigurationPlatforms) = postSolution
		{814DD777-872D-44AE-8D2A-AE76111CCB37}.Debug|Any CPU.ActiveCfg = Debug|Any CPU
		{814DD777-872D-44AE-8D2A-AE76111CCB37}.Debug|Any CPU.Build.0 = Debug|Any CPU
		{814DD777-872D-44AE-8D2A-AE76111CCB37}.Release|Any CPU.ActiveCfg = Release|Any CPU
		{814DD777-872D-44AE-8D2A-AE76111CCB37}.Release|Any CPU.Build.0 = Release|Any CPU
	EndGlobalSection
	GlobalSection(SolutionProperties) = preSolution
		HideSolutionNode = FALSE
	EndGlobalSection
	GlobalSection(ExtensibilityGlobals) = postSolution
		SolutionGuid = {8B29FDA0-4068-412F-AA3A-A0C64C4AF2E7}
	EndGlobalSection
EndGlobal
