
Microsoft Visual Studio Solution File, Format Version 12.00
# Visual Studio Version 16
VisualStudioVersion = 16.0.31624.102
MinimumVisualStudioVersion = 10.0.40219.1
Project("{FAE04EC0-301F-11D3-BF4B-00C04F79EFBC}") = "98ISValidBST", "98ISValidBST\98ISValidBST.csproj", "{A5F8FA07-CF71-4CD0-8C16-3294ACAC2D28}"
EndProject
Global
	GlobalSection(SolutionConfigurationPlatforms) = preSolution
		Debug|Any CPU = Debug|Any CPU
		Release|Any CPU = Release|Any CPU
	EndGlobalSection
	GlobalSection(ProjectConfigurationPlatforms) = postSolution
		{A5F8FA07-CF71-4CD0-8C16-3294ACAC2D28}.Debug|Any CPU.ActiveCfg = Debug|Any CPU
		{A5F8FA07-CF71-4CD0-8C16-3294ACAC2D28}.Debug|Any CPU.Build.0 = Debug|Any CPU
		{A5F8FA07-CF71-4CD0-8C16-3294ACAC2D28}.Release|Any CPU.ActiveCfg = Release|Any CPU
		{A5F8FA07-CF71-4CD0-8C16-3294ACAC2D28}.Release|Any CPU.Build.0 = Release|Any CPU
	EndGlobalSection
	GlobalSection(SolutionProperties) = preSolution
		HideSolutionNode = FALSE
	EndGlobalSection
	GlobalSection(ExtensibilityGlobals) = postSolution
		SolutionGuid = {C38BAFF5-A375-470D-A1BA-FC95BEC19255}
	EndGlobalSection
EndGlobal
