
Microsoft Visual Studio Solution File, Format Version 12.00
# Visual Studio Version 16
VisualStudioVersion = 16.0.31624.102
MinimumVisualStudioVersion = 10.0.40219.1
Project("{FAE04EC0-301F-11D3-BF4B-00C04F79EFBC}") = "stackUsingQueue", "stackUsingQueue\stackUsingQueue.csproj", "{0DD1ACB3-2B19-47AB-9702-DB1D39FEFF83}"
EndProject
Global
	GlobalSection(SolutionConfigurationPlatforms) = preSolution
		Debug|Any CPU = Debug|Any CPU
		Release|Any CPU = Release|Any CPU
	EndGlobalSection
	GlobalSection(ProjectConfigurationPlatforms) = postSolution
		{0DD1ACB3-2B19-47AB-9702-DB1D39FEFF83}.Debug|Any CPU.ActiveCfg = Debug|Any CPU
		{0DD1ACB3-2B19-47AB-9702-DB1D39FEFF83}.Debug|Any CPU.Build.0 = Debug|Any CPU
		{0DD1ACB3-2B19-47AB-9702-DB1D39FEFF83}.Release|Any CPU.ActiveCfg = Release|Any CPU
		{0DD1ACB3-2B19-47AB-9702-DB1D39FEFF83}.Release|Any CPU.Build.0 = Release|Any CPU
	EndGlobalSection
	GlobalSection(SolutionProperties) = preSolution
		HideSolutionNode = FALSE
	EndGlobalSection
	GlobalSection(ExtensibilityGlobals) = postSolution
		SolutionGuid = {85CCBCF1-0462-40C8-AB4E-3C5E7C600827}
	EndGlobalSection
EndGlobal
